
Microsoft Visual Studio Solution File, Format Version 12.00
# Visual Studio Version 17
VisualStudioVersion = 17.5.002.0
MinimumVisualStudioVersion = 10.0.40219.1
Project("{9A19103F-16F7-4668-BE54-9A1E7A4F7556}") = "todos", "todos.csproj", "{9EABCA45-FA30-4877-B62B-E51E86B794EB}"
EndProject
Global
	GlobalSection(SolutionConfigurationPlatforms) = preSolution
		Debug|Any CPU = Debug|Any CPU
		Release|Any CPU = Release|Any CPU
	EndGlobalSection
	GlobalSection(ProjectConfigurationPlatforms) = postSolution
		{9EABCA45-FA30-4877-B62B-E51E86B794EB}.Debug|Any CPU.ActiveCfg = Debug|Any CPU
		{9EABCA45-FA30-4877-B62B-E51E86B794EB}.Debug|Any CPU.Build.0 = Debug|Any CPU
		{9EABCA45-FA30-4877-B62B-E51E86B794EB}.Release|Any CPU.ActiveCfg = Release|Any CPU
		{9EABCA45-FA30-4877-B62B-E51E86B794EB}.Release|Any CPU.Build.0 = Release|Any CPU
	EndGlobalSection
	GlobalSection(SolutionProperties) = preSolution
		HideSolutionNode = FALSE
	EndGlobalSection
	GlobalSection(ExtensibilityGlobals) = postSolution
		SolutionGuid = {1B7E06A5-22D1-4152-8439-4BF75E3E22B2}
	EndGlobalSection
EndGlobal
